
Microsoft Visual Studio Solution File, Format Version 12.00
# Visual Studio 15
VisualStudioVersion = 15.0.28307.329
MinimumVisualStudioVersion = 10.0.40219.1
Project("{FAE04EC0-301F-11D3-BF4B-00C04F79EFBC}") = "GymStatistics", "GymStatistics\GymStatistics.csproj", "{CCAB48FB-2886-48A7-A836-72BCC6336B2E}"
EndProject
Global
	GlobalSection(SolutionConfigurationPlatforms) = preSolution
		Debug|Any CPU = Debug|Any CPU
		Release|Any CPU = Release|Any CPU
	EndGlobalSection
	GlobalSection(ProjectConfigurationPlatforms) = postSolution
		{CCAB48FB-2886-48A7-A836-72BCC6336B2E}.Debug|Any CPU.ActiveCfg = Debug|Any CPU
		{CCAB48FB-2886-48A7-A836-72BCC6336B2E}.Debug|Any CPU.Build.0 = Debug|Any CPU
		{CCAB48FB-2886-48A7-A836-72BCC6336B2E}.Release|Any CPU.ActiveCfg = Release|Any CPU
		{CCAB48FB-2886-48A7-A836-72BCC6336B2E}.Release|Any CPU.Build.0 = Release|Any CPU
	EndGlobalSection
	GlobalSection(SolutionProperties) = preSolution
		HideSolutionNode = FALSE
	EndGlobalSection
	GlobalSection(ExtensibilityGlobals) = postSolution
		SolutionGuid = {7AE6A0AB-056E-46FF-B322-CB3304D6ED3C}
	EndGlobalSection
EndGlobal
